
Microsoft Visual Studio Solution File, Format Version 12.00
# Visual Studio Version 17
VisualStudioVersion = 17.4.33103.184
MinimumVisualStudioVersion = 10.0.40219.1
Project("{FAE04EC0-301F-11D3-BF4B-00C04F79EFBC}") = "ProgramskiJezik-nasljedivanje", "ProgramskiJezik-nasljedivanje\ProgramskiJezik-nasljedivanje.csproj", "{2676F445-ADB7-4550-A575-3212E107BBC8}"
EndProject
Global
	GlobalSection(SolutionConfigurationPlatforms) = preSolution
		Debug|Any CPU = Debug|Any CPU
		Release|Any CPU = Release|Any CPU
	EndGlobalSection
	GlobalSection(ProjectConfigurationPlatforms) = postSolution
		{2676F445-ADB7-4550-A575-3212E107BBC8}.Debug|Any CPU.ActiveCfg = Debug|Any CPU
		{2676F445-ADB7-4550-A575-3212E107BBC8}.Debug|Any CPU.Build.0 = Debug|Any CPU
		{2676F445-ADB7-4550-A575-3212E107BBC8}.Release|Any CPU.ActiveCfg = Release|Any CPU
		{2676F445-ADB7-4550-A575-3212E107BBC8}.Release|Any CPU.Build.0 = Release|Any CPU
	EndGlobalSection
	GlobalSection(SolutionProperties) = preSolution
		HideSolutionNode = FALSE
	EndGlobalSection
	GlobalSection(ExtensibilityGlobals) = postSolution
		SolutionGuid = {CD7AA76C-B688-4EB9-BFB2-B5CE4EB78D21}
	EndGlobalSection
EndGlobal
